
Microsoft Visual Studio Solution File, Format Version 12.00
# Visual Studio Version 17
VisualStudioVersion = 17.6.33829.357
MinimumVisualStudioVersion = 10.0.40219.1
Project("{FAE04EC0-301F-11D3-BF4B-00C04F79EFBC}") = "JokesWebApp", "JokesWebApp\JokesWebApp.csproj", "{F33FFA20-CAFC-4D0C-9422-8C6D3A87C2DB}"
EndProject
Global
	GlobalSection(SolutionConfigurationPlatforms) = preSolution
		Debug|Any CPU = Debug|Any CPU
		Release|Any CPU = Release|Any CPU
	EndGlobalSection
	GlobalSection(ProjectConfigurationPlatforms) = postSolution
		{F33FFA20-CAFC-4D0C-9422-8C6D3A87C2DB}.Debug|Any CPU.ActiveCfg = Debug|Any CPU
		{F33FFA20-CAFC-4D0C-9422-8C6D3A87C2DB}.Debug|Any CPU.Build.0 = Debug|Any CPU
		{F33FFA20-CAFC-4D0C-9422-8C6D3A87C2DB}.Release|Any CPU.ActiveCfg = Release|Any CPU
		{F33FFA20-CAFC-4D0C-9422-8C6D3A87C2DB}.Release|Any CPU.Build.0 = Release|Any CPU
	EndGlobalSection
	GlobalSection(SolutionProperties) = preSolution
		HideSolutionNode = FALSE
	EndGlobalSection
	GlobalSection(ExtensibilityGlobals) = postSolution
		SolutionGuid = {237860EB-0C9D-4406-9105-D275694F700F}
	EndGlobalSection
EndGlobal
